<?xml version="1.0" encoding="utf-8"?>
<Project ToolsVersion="4.0" xmlns="http://schemas.microsoft.com/developer/msbuild/2003">
  <ItemGroup>
    <Filter Include="Source Files">
      <UniqueIdentifier>{4FC737F1-C7A5-4376-A066-2A32D752A2FF}</UniqueIdentifier>
      <Extensions>cpp;c;cc;cxx;c++;cppm;ixx;def;odl;idl;hpj;bat;asm;asmx</Extensions>
    </Filter>
    <Filter Include="Header Files">
      <UniqueIdentifier>{93995380-89BD-4b04-88EB-625FBE52EBFB}</UniqueIdentifier>
      <Extensions>h;hh;hpp;hxx;h++;hm;inl;inc;ipp;xsd</Extensions>
    </Filter>
    <Filter Include="Resource Files">
      <UniqueIdentifier>{67DA6AB6-F800-4c08-8B7A-83BB121AAD01}</UniqueIdentifier>
      <Extensions>rc;ico;cur;bmp;dlg;rc2;rct;bin;rgs;gif;jpg;jpeg;jpe;resx;tiff;tif;png;wav;mfcribbon-ms</Extensions>
    </Filter>
    <Filter Include="Header Files\Core">
      <UniqueIdentifier>{e29e0071-06c9-462b-9893-0ddee8212eab}</UniqueIdentifier>
    </Filter>
    <Filter Include="Source Files\Core">
      <UniqueIdentifier>{7ae0e52c-b866-4641-91d1-f08da14f5f5b}</UniqueIdentifier>
    </Filter>
    <Filter Include="iamgui">
      <UniqueIdentifier>{95c46c56-4c77-4304-b18f-fb112a45e186}</UniqueIdentifier>
    </Filter>
  </ItemGroup>
  <ItemGroup>
    <ClCompile Include="ECS.cpp">
      <Filter>Source Files\Core</Filter>
    </ClCompile>
    <ClCompile Include="main.cpp">
      <Filter>Source Files\Core</Filter>
    </ClCompile>
    <ClCompile Include="Manager.cpp">
      <Filter>Source Files\Core</Filter>
    </ClCompile>
    <ClCompile Include="MouseController.cpp">
      <Filter>Source Files\Core</Filter>
    </ClCompile>
    <ClCompile Include="SelectionManager.cpp">
      <Filter>Source Files\Core</Filter>
    </ClCompile>
    <ClCompile Include="SVGComponent.cpp">
      <Filter>Source Files\Core</Filter>
    </ClCompile>
    <ClCompile Include="Vector2D.cpp">
      <Filter>Source Files\Core</Filter>
    </ClCompile>
    <ClCompile Include="..\thirdparty\imgui\imgui.cpp">
      <Filter>iamgui</Filter>
    </ClCompile>
    <ClCompile Include="..\thirdparty\imgui\imgui_demo.cpp">
      <Filter>iamgui</Filter>
    </ClCompile>
    <ClCompile Include="..\thirdparty\imgui\imgui_draw.cpp">
      <Filter>iamgui</Filter>
    </ClCompile>
    <ClCompile Include="..\thirdparty\imgui\imgui_impl_sdl.cpp">
      <Filter>iamgui</Filter>
    </ClCompile>
    <ClCompile Include="..\thirdparty\imgui\imgui_impl_sdlrenderer.cpp">
      <Filter>iamgui</Filter>
    </ClCompile>
    <ClCompile Include="..\thirdparty\imgui\imgui_stdlib.cpp">
      <Filter>iamgui</Filter>
    </ClCompile>
    <ClCompile Include="..\thirdparty\imgui\imgui_tables.cpp">
      <Filter>iamgui</Filter>
    </ClCompile>
    <ClCompile Include="..\thirdparty\imgui\imgui_widgets.cpp">
      <Filter>iamgui</Filter>
    </ClCompile>
    <ClCompile Include="ToolsManager.cpp">
      <Filter>Source Files</Filter>
    </ClCompile>
    <ClCompile Include="SelectableComponent.cpp">
      <Filter>Source Files\Core</Filter>
    </ClCompile>
  </ItemGroup>
  <ItemGroup>
    <ClInclude Include="Components.h">
      <Filter>Header Files\Core</Filter>
    </ClInclude>
    <ClInclude Include="ECS.h">
      <Filter>Header Files\Core</Filter>
    </ClInclude>
    <ClInclude Include="Manager.h">
      <Filter>Header Files\Core</Filter>
    </ClInclude>
    <ClInclude Include="MouseController.h">
      <Filter>Header Files\Core</Filter>
    </ClInclude>
    <ClInclude Include="RectComponent.h">
      <Filter>Header Files\Core</Filter>
    </ClInclude>
    <ClInclude Include="SelectableComponent.h">
      <Filter>Header Files\Core</Filter>
    </ClInclude>
    <ClInclude Include="SelectionManager.h">
      <Filter>Header Files\Core</Filter>
    </ClInclude>
    <ClInclude Include="SVGComponent.h">
      <Filter>Header Files\Core</Filter>
    </ClInclude>
    <ClInclude Include="TransformComponent.h">
      <Filter>Header Files\Core</Filter>
    </ClInclude>
    <ClInclude Include="UILabel.h">
      <Filter>Header Files\Core</Filter>
    </ClInclude>
    <ClInclude Include="Vector2D.h">
      <Filter>Header Files\Core</Filter>
    </ClInclude>
    <ClInclude Include="..\thirdparty\imgui\imconfig.h">
      <Filter>iamgui</Filter>
    </ClInclude>
    <ClInclude Include="..\thirdparty\imgui\imgui.h">
      <Filter>iamgui</Filter>
    </ClInclude>
    <ClInclude Include="..\thirdparty\imgui\imgui_impl_sdl.h">
      <Filter>iamgui</Filter>
    </ClInclude>
    <ClInclude Include="..\thirdparty\imgui\imgui_impl_sdlrenderer.h">
      <Filter>iamgui</Filter>
    </ClInclude>
    <ClInclude Include="..\thirdparty\imgui\imgui_internal.h">
      <Filter>iamgui</Filter>
    </ClInclude>
    <ClInclude Include="..\thirdparty\imgui\imgui_stdlib.h">
      <Filter>iamgui</Filter>
    </ClInclude>
    <ClInclude Include="..\thirdparty\imgui\imstb_rectpack.h">
      <Filter>iamgui</Filter>
    </ClInclude>
    <ClInclude Include="..\thirdparty\imgui\imstb_textedit.h">
      <Filter>iamgui</Filter>
    </ClInclude>
    <ClInclude Include="..\thirdparty\imgui\imstb_truetype.h">
      <Filter>iamgui</Filter>
    </ClInclude>
    <ClInclude Include="ToolsManager.h">
      <Filter>Header Files</Filter>
    </ClInclude>
    <ClInclude Include="CircleComponent.h">
      <Filter>Header Files\Core</Filter>
    </ClInclude>
    <ClInclude Include="TriangleComponent.h">
      <Filter>Header Files\Core</Filter>
    </ClInclude>
  </ItemGroup>
</Project>